
Microsoft Visual Studio Solution File, Format Version 12.00
# Visual Studio Version 17
VisualStudioVersion = 17.12.35707.178 d17.12
MinimumVisualStudioVersion = 10.0.40219.1
Project("{FAE04EC0-301F-11D3-BF4B-00C04F79EFBC}") = "CoboxAndLibox", "CoboxAndLibox\CoboxAndLibox.csproj", "{EEEFC9AD-38E9-487B-B538-58600BE88AFD}"
EndProject
Global
	GlobalSection(SolutionConfigurationPlatforms) = preSolution
		Debug|Any CPU = Debug|Any CPU
		Release|Any CPU = Release|Any CPU
	EndGlobalSection
	GlobalSection(ProjectConfigurationPlatforms) = postSolution
		{EEEFC9AD-38E9-487B-B538-58600BE88AFD}.Debug|Any CPU.ActiveCfg = Debug|Any CPU
		{EEEFC9AD-38E9-487B-B538-58600BE88AFD}.Debug|Any CPU.Build.0 = Debug|Any CPU
		{EEEFC9AD-38E9-487B-B538-58600BE88AFD}.Release|Any CPU.ActiveCfg = Release|Any CPU
		{EEEFC9AD-38E9-487B-B538-58600BE88AFD}.Release|Any CPU.Build.0 = Release|Any CPU
	EndGlobalSection
	GlobalSection(SolutionProperties) = preSolution
		HideSolutionNode = FALSE
	EndGlobalSection
EndGlobal
